{
  "name": "trie-kmp",
  "version": "0.5.1-SNAPSHOT",
  "lockfileVersion": 3,
  "requires": true,
  "packages": {
    "": {
      "name": "trie-kmp",
      "version": "0.5.1-SNAPSHOT",
      "workspaces": [
        "packages/trie-kmp-benchmarks",
        "packages/trie-kmp-benchmarks-test",
        "packages/trie-kmp-trie",
        "packages/trie-kmp-trie-test",
        "packages/trie-kmp-utils",
        "packages/trie-kmp-utils-test"
      ],
      "devDependencies": {}
    },
    "node_modules/trie-kmp-benchmarks": {
      "resolved": "packages/trie-kmp-benchmarks",
      "link": true
    },
    "node_modules/trie-kmp-benchmarks-test": {
      "resolved": "packages/trie-kmp-benchmarks-test",
      "link": true
    },
    "node_modules/trie-kmp-trie": {
      "resolved": "packages/trie-kmp-trie",
      "link": true
    },
    "node_modules/trie-kmp-trie-test": {
      "resolved": "packages/trie-kmp-trie-test",
      "link": true
    },
    "node_modules/trie-kmp-utils": {
      "resolved": "packages/trie-kmp-utils",
      "link": true
    },
    "node_modules/trie-kmp-utils-test": {
      "resolved": "packages/trie-kmp-utils-test",
      "link": true
    },
    "packages/trie-kmp-benchmarks": {
      "version": "0.5.1-SNAPSHOT",
      "devDependencies": {}
    },
    "packages/trie-kmp-benchmarks-test": {
      "version": "0.5.1-SNAPSHOT",
      "devDependencies": {}
    },
    "packages/trie-kmp-trie": {
      "version": "0.5.1-SNAPSHOT",
      "devDependencies": {}
    },
    "packages/trie-kmp-trie-test": {
      "version": "0.5.1-SNAPSHOT",
      "devDependencies": {}
    },
    "packages/trie-kmp-utils": {
      "version": "0.5.1-SNAPSHOT",
      "devDependencies": {}
    },
    "packages/trie-kmp-utils-test": {
      "version": "0.5.1-SNAPSHOT",
      "devDependencies": {}
    }
  }
}
